
Microsoft Visual Studio Solution File, Format Version 10.00
# Visual Studio 2008
Project("{FAE04EC0-301F-11D3-BF4B-00C04F79EFBC}") = "FacebookSDKExamples", "FacebookSDKExamples\FacebookSDKExamples.csproj", "{0E205C9D-DFA8-483A-A631-69CCD6F9CB2E}"
EndProject
Global
	GlobalSection(SolutionConfigurationPlatforms) = preSolution
		Debug|iPhoneSimulator = Debug|iPhoneSimulator
		Release|iPhoneSimulator = Release|iPhoneSimulator
		Debug|iPhone = Debug|iPhone
		Release|iPhone = Release|iPhone
	EndGlobalSection
	GlobalSection(ProjectConfigurationPlatforms) = postSolution
		{0E205C9D-DFA8-483A-A631-69CCD6F9CB2E}.Debug|iPhone.ActiveCfg = Debug|iPhone
		{0E205C9D-DFA8-483A-A631-69CCD6F9CB2E}.Debug|iPhone.Build.0 = Debug|iPhone
		{0E205C9D-DFA8-483A-A631-69CCD6F9CB2E}.Debug|iPhoneSimulator.ActiveCfg = Debug|iPhoneSimulator
		{0E205C9D-DFA8-483A-A631-69CCD6F9CB2E}.Debug|iPhoneSimulator.Build.0 = Debug|iPhoneSimulator
		{0E205C9D-DFA8-483A-A631-69CCD6F9CB2E}.Release|iPhone.ActiveCfg = Release|iPhone
		{0E205C9D-DFA8-483A-A631-69CCD6F9CB2E}.Release|iPhone.Build.0 = Release|iPhone
		{0E205C9D-DFA8-483A-A631-69CCD6F9CB2E}.Release|iPhoneSimulator.ActiveCfg = Release|iPhoneSimulator
		{0E205C9D-DFA8-483A-A631-69CCD6F9CB2E}.Release|iPhoneSimulator.Build.0 = Release|iPhoneSimulator
	EndGlobalSection
	GlobalSection(MonoDevelopProperties) = preSolution
		StartupItem = FacebookSDKExamples\FacebookSDKExamples.csproj
	EndGlobalSection
EndGlobal
